
Microsoft Visual Studio Solution File, Format Version 12.00
# Visual Studio Version 17
VisualStudioVersion = 17.5.002.0
MinimumVisualStudioVersion = 10.0.40219.1
Project("{9A19103F-16F7-4668-BE54-9A1E7A4F7556}") = "Arbetsprov1", "Arbetsprov1\Arbetsprov1.csproj", "{D9A50647-838A-4BD6-8556-D6DAB2A6924C}"
EndProject
Project("{9A19103F-16F7-4668-BE54-9A1E7A4F7556}") = "Arbetsprov2", "Arbetsprov2\Arbetsprov2.csproj", "{2DE53A92-26CA-48E9-8F3D-E13FAAEC298D}"
EndProject
Global
	GlobalSection(SolutionConfigurationPlatforms) = preSolution
		Debug|Any CPU = Debug|Any CPU
		Release|Any CPU = Release|Any CPU
	EndGlobalSection
	GlobalSection(ProjectConfigurationPlatforms) = postSolution
		{D9A50647-838A-4BD6-8556-D6DAB2A6924C}.Debug|Any CPU.ActiveCfg = Debug|Any CPU
		{D9A50647-838A-4BD6-8556-D6DAB2A6924C}.Debug|Any CPU.Build.0 = Debug|Any CPU
		{D9A50647-838A-4BD6-8556-D6DAB2A6924C}.Release|Any CPU.ActiveCfg = Release|Any CPU
		{D9A50647-838A-4BD6-8556-D6DAB2A6924C}.Release|Any CPU.Build.0 = Release|Any CPU
		{2DE53A92-26CA-48E9-8F3D-E13FAAEC298D}.Debug|Any CPU.ActiveCfg = Debug|Any CPU
		{2DE53A92-26CA-48E9-8F3D-E13FAAEC298D}.Debug|Any CPU.Build.0 = Debug|Any CPU
		{2DE53A92-26CA-48E9-8F3D-E13FAAEC298D}.Release|Any CPU.ActiveCfg = Release|Any CPU
		{2DE53A92-26CA-48E9-8F3D-E13FAAEC298D}.Release|Any CPU.Build.0 = Release|Any CPU
	EndGlobalSection
	GlobalSection(SolutionProperties) = preSolution
		HideSolutionNode = FALSE
	EndGlobalSection
	GlobalSection(ExtensibilityGlobals) = postSolution
		SolutionGuid = {7A22F1AC-8000-457E-9240-8B6150F2FD96}
	EndGlobalSection
EndGlobal
